
Microsoft Visual Studio Solution File, Format Version 12.00
# Visual Studio Version 17
VisualStudioVersion = 17.0.31423.177
MinimumVisualStudioVersion = 10.0.40219.1
Project("{2150E333-8FDC-42A3-9474-1A3956D46DE8}") = "tests", "tests", "{16EDE4B2-05F6-4DAF-9060-CC2E760DF050}"
EndProject
Project("{9A19103F-16F7-4668-BE54-9A1E7A4F7556}") = "EventRegistrar.Backend.Test", "tests\EventRegistrar.Backend.Test\EventRegistrar.Backend.Test.csproj", "{200A3096-D9BA-4073-BC2A-0D413652D177}"
EndProject
Project("{9A19103F-16F7-4668-BE54-9A1E7A4F7556}") = "EventRegistrar.Backend", "src\EventRegistrar.Backend\EventRegistrar.Backend.csproj", "{A0B1CF32-DBFF-42E0-AAA4-0D7E9EC51F72}"
EndProject
Project("{2150E333-8FDC-42A3-9474-1A3956D46DE8}") = "src", "src", "{493A8891-F97F-414E-BA68-15180BAC5C99}"
EndProject
Project("{9A19103F-16F7-4668-BE54-9A1E7A4F7556}") = "EventRegistrar.Functions", "src\EventRegistrar.Functions\EventRegistrar.Functions.csproj", "{3F539F77-D602-4448-A1B0-EB0BA6A8E8D9}"
EndProject
Global
	GlobalSection(SolutionConfigurationPlatforms) = preSolution
		Debug|Any CPU = Debug|Any CPU
		Debug|iPhone = Debug|iPhone
		Debug|iPhoneSimulator = Debug|iPhoneSimulator
		Release|Any CPU = Release|Any CPU
		Release|iPhone = Release|iPhone
		Release|iPhoneSimulator = Release|iPhoneSimulator
	EndGlobalSection
	GlobalSection(ProjectConfigurationPlatforms) = postSolution
		{200A3096-D9BA-4073-BC2A-0D413652D177}.Debug|Any CPU.ActiveCfg = Debug|Any CPU
		{200A3096-D9BA-4073-BC2A-0D413652D177}.Debug|Any CPU.Build.0 = Debug|Any CPU
		{200A3096-D9BA-4073-BC2A-0D413652D177}.Debug|iPhone.ActiveCfg = Debug|Any CPU
		{200A3096-D9BA-4073-BC2A-0D413652D177}.Debug|iPhone.Build.0 = Debug|Any CPU
		{200A3096-D9BA-4073-BC2A-0D413652D177}.Debug|iPhoneSimulator.ActiveCfg = Debug|Any CPU
		{200A3096-D9BA-4073-BC2A-0D413652D177}.Debug|iPhoneSimulator.Build.0 = Debug|Any CPU
		{200A3096-D9BA-4073-BC2A-0D413652D177}.Release|Any CPU.ActiveCfg = Release|Any CPU
		{200A3096-D9BA-4073-BC2A-0D413652D177}.Release|Any CPU.Build.0 = Release|Any CPU
		{200A3096-D9BA-4073-BC2A-0D413652D177}.Release|iPhone.ActiveCfg = Release|Any CPU
		{200A3096-D9BA-4073-BC2A-0D413652D177}.Release|iPhone.Build.0 = Release|Any CPU
		{200A3096-D9BA-4073-BC2A-0D413652D177}.Release|iPhoneSimulator.ActiveCfg = Release|Any CPU
		{200A3096-D9BA-4073-BC2A-0D413652D177}.Release|iPhoneSimulator.Build.0 = Release|Any CPU
		{A0B1CF32-DBFF-42E0-AAA4-0D7E9EC51F72}.Debug|Any CPU.ActiveCfg = Debug|Any CPU
		{A0B1CF32-DBFF-42E0-AAA4-0D7E9EC51F72}.Debug|Any CPU.Build.0 = Debug|Any CPU
		{A0B1CF32-DBFF-42E0-AAA4-0D7E9EC51F72}.Debug|iPhone.ActiveCfg = Debug|Any CPU
		{A0B1CF32-DBFF-42E0-AAA4-0D7E9EC51F72}.Debug|iPhone.Build.0 = Debug|Any CPU
		{A0B1CF32-DBFF-42E0-AAA4-0D7E9EC51F72}.Debug|iPhoneSimulator.ActiveCfg = Debug|Any CPU
		{A0B1CF32-DBFF-42E0-AAA4-0D7E9EC51F72}.Debug|iPhoneSimulator.Build.0 = Debug|Any CPU
		{A0B1CF32-DBFF-42E0-AAA4-0D7E9EC51F72}.Release|Any CPU.ActiveCfg = Release|Any CPU
		{A0B1CF32-DBFF-42E0-AAA4-0D7E9EC51F72}.Release|Any CPU.Build.0 = Release|Any CPU
		{A0B1CF32-DBFF-42E0-AAA4-0D7E9EC51F72}.Release|iPhone.ActiveCfg = Release|Any CPU
		{A0B1CF32-DBFF-42E0-AAA4-0D7E9EC51F72}.Release|iPhone.Build.0 = Release|Any CPU
		{A0B1CF32-DBFF-42E0-AAA4-0D7E9EC51F72}.Release|iPhoneSimulator.ActiveCfg = Release|Any CPU
		{A0B1CF32-DBFF-42E0-AAA4-0D7E9EC51F72}.Release|iPhoneSimulator.Build.0 = Release|Any CPU
		{3F539F77-D602-4448-A1B0-EB0BA6A8E8D9}.Debug|Any CPU.ActiveCfg = Debug|Any CPU
		{3F539F77-D602-4448-A1B0-EB0BA6A8E8D9}.Debug|Any CPU.Build.0 = Debug|Any CPU
		{3F539F77-D602-4448-A1B0-EB0BA6A8E8D9}.Debug|iPhone.ActiveCfg = Debug|Any CPU
		{3F539F77-D602-4448-A1B0-EB0BA6A8E8D9}.Debug|iPhone.Build.0 = Debug|Any CPU
		{3F539F77-D602-4448-A1B0-EB0BA6A8E8D9}.Debug|iPhoneSimulator.ActiveCfg = Debug|Any CPU
		{3F539F77-D602-4448-A1B0-EB0BA6A8E8D9}.Debug|iPhoneSimulator.Build.0 = Debug|Any CPU
		{3F539F77-D602-4448-A1B0-EB0BA6A8E8D9}.Release|Any CPU.ActiveCfg = Release|Any CPU
		{3F539F77-D602-4448-A1B0-EB0BA6A8E8D9}.Release|Any CPU.Build.0 = Release|Any CPU
		{3F539F77-D602-4448-A1B0-EB0BA6A8E8D9}.Release|iPhone.ActiveCfg = Release|Any CPU
		{3F539F77-D602-4448-A1B0-EB0BA6A8E8D9}.Release|iPhone.Build.0 = Release|Any CPU
		{3F539F77-D602-4448-A1B0-EB0BA6A8E8D9}.Release|iPhoneSimulator.ActiveCfg = Release|Any CPU
		{3F539F77-D602-4448-A1B0-EB0BA6A8E8D9}.Release|iPhoneSimulator.Build.0 = Release|Any CPU
	EndGlobalSection
	GlobalSection(SolutionProperties) = preSolution
		HideSolutionNode = FALSE
	EndGlobalSection
	GlobalSection(NestedProjects) = preSolution
		{200A3096-D9BA-4073-BC2A-0D413652D177} = {16EDE4B2-05F6-4DAF-9060-CC2E760DF050}
		{A0B1CF32-DBFF-42E0-AAA4-0D7E9EC51F72} = {493A8891-F97F-414E-BA68-15180BAC5C99}
		{3F539F77-D602-4448-A1B0-EB0BA6A8E8D9} = {493A8891-F97F-414E-BA68-15180BAC5C99}
	EndGlobalSection
	GlobalSection(ExtensibilityGlobals) = postSolution
		SolutionGuid = {A92B6D2F-B9FB-43F7-BA30-B1B71D4480E1}
	EndGlobalSection
EndGlobal
