{
  "requires": true,
  "lockfileVersion": 1,
  "dependencies": {
    "@ng-bootstrap/ng-bootstrap": {
      "version": "2.1.1",
      "resolved": "https://registry.npmjs.org/@ng-bootstrap/ng-bootstrap/-/ng-bootstrap-2.1.1.tgz",
      "integrity": "sha1-Xp/beTB0TXh2b1OvoV2yloY35WA="
    },
    "@types/jquery": {
      "version": "2.0.49",
      "resolved": "https://registry.npmjs.org/@types/jquery/-/jquery-2.0.49.tgz",
      "integrity": "sha512-/9xLnYmohN/vD2gDnLS4cym8TUmrJu7DvZa/LELKzZjdPsvWVJiedsdu2SXNtb/DA7FGimqL2g0IoyhbNKLl8g=="
    },
    "angular-froala-wysiwyg": {
      "version": "2.8.4-1",
      "resolved": "https://registry.npmjs.org/angular-froala-wysiwyg/-/angular-froala-wysiwyg-2.8.4-1.tgz",
      "integrity": "sha512-9nMdEAgqUtN4NsKmd/qN1sKswOblut6EEYKh/SGvflmh/FV2FcZfypy1o6IaDUvB8cTh+rNLJtuy+QK6+622tg==",
      "requires": {
        "@types/jquery": "2.0.49",
        "froala-editor": "2.8.4"
      }
    },
    "font-awesome": {
      "version": "4.7.0",
      "resolved": "https://registry.npmjs.org/font-awesome/-/font-awesome-4.7.0.tgz",
      "integrity": "sha1-j6jPBBGhoxr9B7BtKQK7n8gVoTM="
    },
    "froala-editor": {
      "version": "2.8.4",
      "resolved": "https://registry.npmjs.org/froala-editor/-/froala-editor-2.8.4.tgz",
      "integrity": "sha512-DObeh8j8mmRDprgCOnUvtYqJ0IVsKUFxvzCFX1hoEVMt3l659QaKLcQDYoaiPtecIIjGHWvARYh1YpR4FpAAjw==",
      "requires": {
        "font-awesome": "4.7.0",
        "jquery": "3.3.1"
      }
    },
    "jquery": {
      "version": "3.3.1",
      "resolved": "https://registry.npmjs.org/jquery/-/jquery-3.3.1.tgz",
      "integrity": "sha512-Ubldcmxp5np52/ENotGxlLe6aGMvmF4R8S6tZjsP6Knsaxd/xp3Zrh50cG93lR6nPXyUFwzN3ZSOQI0wRJNdGg=="
    },
    "popper.js": {
      "version": "1.14.4",
      "resolved": "https://registry.npmjs.org/popper.js/-/popper.js-1.14.4.tgz",
      "integrity": "sha1-juwdj/AqWjoVLdQ0FKFce3n9abY="
    }
  }
}
